PODS:
  - Flutter (1.0.0)
  - flutter_audio_recorder (0.5.4):
    - Flutter
  - flutter_sound (0.0.1):
    - Flutter
  - path_provider (0.0.1):
    - Flutter
  - speech_recognition (0.3.0):
    - Flutter

DEPENDENCIES:
  - Flutter (from `Flutter`)
  - flutter_audio_recorder (from `.symlinks/plugins/flutter_audio_recorder/ios`)
  - flutter_sound (from `.symlinks/plugins/flutter_sound/ios`)
  - path_provider (from `.symlinks/plugins/path_provider/ios`)
  - speech_recognition (from `.symlinks/plugins/speech_recognition/ios`)

EXTERNAL SOURCES:
  Flutter:
    :path: Flutter
  flutter_audio_recorder:
    :path: ".symlinks/plugins/flutter_audio_recorder/ios"
  flutter_sound:
    :path: ".symlinks/plugins/flutter_sound/ios"
  path_provider:
    :path: ".symlinks/plugins/path_provider/ios"
  speech_recognition:
    :path: ".symlinks/plugins/speech_recognition/ios"

SPEC CHECKSUMS:
  Flutter: 0e3d915762c693b495b44d77113d4970485de6ec
  flutter_audio_recorder: eb998d4e75e59b39d9e3ca1818a5e0f3a82f5836
  flutter_sound: 0e8163ceac1e00eb6d894e2ae4641ba726a2c479
  path_provider: fb74bd0465e96b594bb3b5088ee4a4e7bb1f2a9d
  speech_recognition: b5319aace06c3633c0547de44899f6e0bf8b2168

PODFILE CHECKSUM: 1b66dae606f75376c5f2135a8290850eeb09ae83

COCOAPODS: 1.8.4
